
Microsoft Visual Studio Solution File, Format Version 12.00
# Visual Studio Version 17
VisualStudioVersion = 17.11.35222.181
MinimumVisualStudioVersion = 10.0.40219.1
Project("{FAE04EC0-301F-11D3-BF4B-00C04F79EFBC}") = "calculadora", "calculadora.csproj", "{4CBF572A-29EB-495A-8EF6-BD95B56E9E37}"
EndProject
Global
	GlobalSection(SolutionConfigurationPlatforms) = preSolution
		Debug|Any CPU = Debug|Any CPU
		Release|Any CPU = Release|Any CPU
	EndGlobalSection
	GlobalSection(ProjectConfigurationPlatforms) = postSolution
		{4CBF572A-29EB-495A-8EF6-BD95B56E9E37}.Debug|Any CPU.ActiveCfg = Debug|Any CPU
		{4CBF572A-29EB-495A-8EF6-BD95B56E9E37}.Debug|Any CPU.Build.0 = Debug|Any CPU
		{4CBF572A-29EB-495A-8EF6-BD95B56E9E37}.Release|Any CPU.ActiveCfg = Release|Any CPU
		{4CBF572A-29EB-495A-8EF6-BD95B56E9E37}.Release|Any CPU.Build.0 = Release|Any CPU
	EndGlobalSection
	GlobalSection(SolutionProperties) = preSolution
		HideSolutionNode = FALSE
	EndGlobalSection
	GlobalSection(ExtensibilityGlobals) = postSolution
		SolutionGuid = {6E6B94C9-D139-43E8-A589-928E8B9C379C}
	EndGlobalSection
EndGlobal
